
Microsoft Visual Studio Solution File, Format Version 12.00
# Visual Studio Version 16
VisualStudioVersion = 16.0.30717.126
MinimumVisualStudioVersion = 10.0.40219.1
Project("{FAE04EC0-301F-11D3-BF4B-00C04F79EFBC}") = "AdventureGame", "AdventureGame\AdventureGame.csproj", "{F879676C-EFEE-47F7-922F-320FFA3F1362}"
EndProject
Global
	GlobalSection(SolutionConfigurationPlatforms) = preSolution
		Debug|Any CPU = Debug|Any CPU
		Release|Any CPU = Release|Any CPU
	EndGlobalSection
	GlobalSection(ProjectConfigurationPlatforms) = postSolution
		{F879676C-EFEE-47F7-922F-320FFA3F1362}.Debug|Any CPU.ActiveCfg = Debug|Any CPU
		{F879676C-EFEE-47F7-922F-320FFA3F1362}.Debug|Any CPU.Build.0 = Debug|Any CPU
		{F879676C-EFEE-47F7-922F-320FFA3F1362}.Release|Any CPU.ActiveCfg = Release|Any CPU
		{F879676C-EFEE-47F7-922F-320FFA3F1362}.Release|Any CPU.Build.0 = Release|Any CPU
	EndGlobalSection
	GlobalSection(SolutionProperties) = preSolution
		HideSolutionNode = FALSE
	EndGlobalSection
	GlobalSection(ExtensibilityGlobals) = postSolution
		SolutionGuid = {49ADA2E9-B6ED-4549-B77A-DF358CC1C330}
	EndGlobalSection
EndGlobal
